<?xml version="1.0" encoding="utf-8"?>
<Project ToolsVersion="4.0" xmlns="http://schemas.microsoft.com/developer/msbuild/2003">
  <ItemGroup>
    <Filter Include="资源文件">
      <UniqueIdentifier>{67DA6AB6-F800-4c08-8B7A-83BB121AAD01}</UniqueIdentifier>
      <Extensions>rc;ico;cur;bmp;dlg;rc2;rct;bin;rgs;gif;jpg;jpeg;jpe;resx;tiff;tif;png;wav;mfcribbon-ms</Extensions>
    </Filter>
    <Filter Include="simple_library">
      <UniqueIdentifier>{375bcf26-617d-4ae2-8ec8-515656818290}</UniqueIdentifier>
    </Filter>
    <Filter Include="simple_library\private">
      <UniqueIdentifier>{e3c96e3c-cd75-4890-a505-952859a5e46b}</UniqueIdentifier>
    </Filter>
    <Filter Include="simple_library\public">
      <UniqueIdentifier>{ec89aab4-28e8-4b11-9aae-d1a66cd0d109}</UniqueIdentifier>
    </Filter>
    <Filter Include="simple_library\third_party_library">
      <UniqueIdentifier>{dafaab16-8dd1-4267-8346-d9cf7a3826e6}</UniqueIdentifier>
    </Filter>
    <Filter Include="simple_library\private\simple_c_log">
      <UniqueIdentifier>{6ae14cb2-dc4a-462c-a4f9-151ce5d4025b}</UniqueIdentifier>
    </Filter>
    <Filter Include="simple_library\private\simple_core_minimal">
      <UniqueIdentifier>{b4cb3501-30e9-44ad-ae8a-9de309b2bc6f}</UniqueIdentifier>
    </Filter>
    <Filter Include="simple_library\private\simple_cpp_core_minimal">
      <UniqueIdentifier>{dc7ceb37-cfde-4dd8-8c96-0afb04986042}</UniqueIdentifier>
    </Filter>
    <Filter Include="simple_library\private\simple_image">
      <UniqueIdentifier>{f482b329-4fe7-4773-9e58-4e795d0ba936}</UniqueIdentifier>
    </Filter>
    <Filter Include="simple_library\private\simple_math">
      <UniqueIdentifier>{fa516af6-2632-4c45-9bb1-1ab189263ef5}</UniqueIdentifier>
    </Filter>
    <Filter Include="simple_library\private\simple_math\soft_rasterization">
      <UniqueIdentifier>{51b21ad2-3609-4701-9485-6de227200a23}</UniqueIdentifier>
    </Filter>
    <Filter Include="simple_library\private\simple_math\transformation">
      <UniqueIdentifier>{b9f100b7-2549-409a-be9a-01efbd5711f5}</UniqueIdentifier>
    </Filter>
    <Filter Include="simple_library\private\simple_math\transformation\matrix">
      <UniqueIdentifier>{5d64218d-220a-45f9-835a-6f2f79e3a3ac}</UniqueIdentifier>
    </Filter>
    <Filter Include="simple_library\private\simple_math\transformation\primitives">
      <UniqueIdentifier>{5dc897bd-8711-40c2-a7de-086efbe5feb9}</UniqueIdentifier>
    </Filter>
    <Filter Include="simple_library\private\simple_math\transformation\quaternion">
      <UniqueIdentifier>{f5e305e9-3286-4789-81ed-08dfa68b4171}</UniqueIdentifier>
    </Filter>
    <Filter Include="simple_library\private\simple_math\transformation\rotator">
      <UniqueIdentifier>{4e5460d1-20ea-4449-9972-cd8c56fd4c5f}</UniqueIdentifier>
    </Filter>
    <Filter Include="simple_library\private\simple_math\transformation\vector">
      <UniqueIdentifier>{2758fc44-3886-4183-ad58-61bd48445c94}</UniqueIdentifier>
    </Filter>
    <Filter Include="simple_library\private\simple_core_minimal\simple_c_core">
      <UniqueIdentifier>{ff26f579-d242-4e65-bc82-fa10df630507}</UniqueIdentifier>
    </Filter>
    <Filter Include="simple_library\private\simple_core_minimal\simple_c_guid">
      <UniqueIdentifier>{15fab61d-9250-4560-823a-5e238b7b5d4c}</UniqueIdentifier>
    </Filter>
    <Filter Include="simple_library\private\simple_core_minimal\simple_c_helper_file">
      <UniqueIdentifier>{d673ee1d-2db4-42c2-9cc7-05ed01903e6a}</UniqueIdentifier>
    </Filter>
    <Filter Include="simple_library\private\simple_core_minimal\simple_c_path">
      <UniqueIdentifier>{1aa60dfc-f160-4a89-ae1b-b68ba22d2ed7}</UniqueIdentifier>
    </Filter>
    <Filter Include="simple_library\private\simple_core_minimal\simple_c_time">
      <UniqueIdentifier>{4f476fd3-5d4c-48f6-916d-4d4b6cf3f8ba}</UniqueIdentifier>
    </Filter>
    <Filter Include="simple_library\private\simple_core_minimal\simple_c_windows">
      <UniqueIdentifier>{d6871e3e-4054-409b-9fb0-7855b45e76ed}</UniqueIdentifier>
    </Filter>
    <Filter Include="simple_library\private\simple_core_minimal\simple_c_core\simple_c_array">
      <UniqueIdentifier>{ef4a8b09-c40e-402b-a593-d6629dd88b98}</UniqueIdentifier>
    </Filter>
    <Filter Include="simple_library\private\simple_core_minimal\simple_c_core\simple_c_string_algorithm">
      <UniqueIdentifier>{95bf9e45-dd9e-456a-ab05-145e8f0a5d0e}</UniqueIdentifier>
    </Filter>
    <Filter Include="simple_library\private\simple_cpp_core_minimal\simple_cpp_helper_file">
      <UniqueIdentifier>{bef3e447-c966-4803-9af6-ee63a4048715}</UniqueIdentifier>
    </Filter>
    <Filter Include="simple_library\private\simple_cpp_core_minimal\simple_cpp_string_algorithm">
      <UniqueIdentifier>{c7a77ba9-d962-4d2f-ba04-0da9f68168de}</UniqueIdentifier>
    </Filter>
    <Filter Include="simple_library\private\simple_image\Core">
      <UniqueIdentifier>{38d15e94-01be-40f3-b882-53383878ec78}</UniqueIdentifier>
    </Filter>
    <Filter Include="simple_library\public\simple_array">
      <UniqueIdentifier>{a3d46147-85d6-4a12-87a3-c75e9dbca995}</UniqueIdentifier>
    </Filter>
    <Filter Include="simple_library\public\simple_c_log">
      <UniqueIdentifier>{d6ea89c5-c2ec-4295-af81-df92e3d268ba}</UniqueIdentifier>
    </Filter>
    <Filter Include="simple_library\public\simple_core_minimal">
      <UniqueIdentifier>{e94b86af-44fa-412a-9d6f-f3bcdfe0a426}</UniqueIdentifier>
    </Filter>
    <Filter Include="simple_library\public\simple_cpp_core_minimal">
      <UniqueIdentifier>{45a19d67-92f6-429b-9cdf-e89bf2b181ec}</UniqueIdentifier>
    </Filter>
    <Filter Include="simple_library\public\simple_delegate">
      <UniqueIdentifier>{36f58f7d-6b45-4ec2-95a6-511fe211c45a}</UniqueIdentifier>
    </Filter>
    <Filter Include="simple_library\public\simple_image">
      <UniqueIdentifier>{0ac58f1b-ae07-437d-b286-5d336d21eafc}</UniqueIdentifier>
    </Filter>
    <Filter Include="simple_library\public\simple_math">
      <UniqueIdentifier>{0a6f49a1-0c75-4bbc-8786-3678460b994f}</UniqueIdentifier>
    </Filter>
    <Filter Include="simple_library\public\simple_core_minimal\simple_c_core">
      <UniqueIdentifier>{c3c7fe87-f040-40b7-b990-ad70bc8907a8}</UniqueIdentifier>
    </Filter>
    <Filter Include="simple_library\public\simple_core_minimal\simple_c_guid">
      <UniqueIdentifier>{73f1cb59-aec8-44c9-90ad-df03fd140b44}</UniqueIdentifier>
    </Filter>
    <Filter Include="simple_library\public\simple_core_minimal\simple_c_helper_file">
      <UniqueIdentifier>{8236b644-9ee2-465e-a9bd-8314f0b04943}</UniqueIdentifier>
    </Filter>
    <Filter Include="simple_library\public\simple_core_minimal\simple_c_path">
      <UniqueIdentifier>{ac6103cf-d7e1-48ab-b7d7-73c7fae4d92f}</UniqueIdentifier>
    </Filter>
    <Filter Include="simple_library\public\simple_core_minimal\simple_c_time">
      <UniqueIdentifier>{05bb5153-7092-42fc-9f93-bb84b28b333a}</UniqueIdentifier>
    </Filter>
    <Filter Include="simple_library\public\simple_core_minimal\simple_c_windows">
      <UniqueIdentifier>{88eff381-dd1d-4d23-abd9-5d1df39f878f}</UniqueIdentifier>
    </Filter>
    <Filter Include="simple_library\public\simple_core_minimal\simple_c_core\simple_c_array">
      <UniqueIdentifier>{122ee7ec-cfef-4e01-af74-7b754e7750b5}</UniqueIdentifier>
    </Filter>
    <Filter Include="simple_library\public\simple_core_minimal\simple_c_core\simple_c_string_algorithm">
      <UniqueIdentifier>{0ba0bd44-9e61-44aa-9ad7-371952a70175}</UniqueIdentifier>
    </Filter>
    <Filter Include="simple_library\public\simple_cpp_core_minimal\shared">
      <UniqueIdentifier>{8ed2e563-9c6e-40af-9d7e-bd55ce752a57}</UniqueIdentifier>
    </Filter>
    <Filter Include="simple_library\public\simple_cpp_core_minimal\simple_cpp_helper_file">
      <UniqueIdentifier>{b969451a-05d4-4cba-92b8-fc20befc5c35}</UniqueIdentifier>
    </Filter>
    <Filter Include="simple_library\public\simple_cpp_core_minimal\simple_cpp_string_algorithm">
      <UniqueIdentifier>{a13e8d4e-b246-44c0-9d9d-558834d9cf6c}</UniqueIdentifier>
    </Filter>
    <Filter Include="simple_library\public\simple_image\Core">
      <UniqueIdentifier>{8b358a00-dc8f-4e03-9644-84976cae49ab}</UniqueIdentifier>
    </Filter>
    <Filter Include="simple_library\public\simple_math\soft_rasterization">
      <UniqueIdentifier>{302da0c3-9cc9-4719-8c74-e8f1b5ecab95}</UniqueIdentifier>
    </Filter>
    <Filter Include="simple_library\public\simple_math\transformation">
      <UniqueIdentifier>{42dd57fd-3034-4c62-8270-d20a05db6b82}</UniqueIdentifier>
    </Filter>
    <Filter Include="simple_library\public\simple_math\transformation\matrix">
      <UniqueIdentifier>{a26f492f-6423-4d3b-8a79-659b607448ae}</UniqueIdentifier>
    </Filter>
    <Filter Include="simple_library\public\simple_math\transformation\primitives">
      <UniqueIdentifier>{58b59e7a-9ec2-4df6-a261-3012d4c139c0}</UniqueIdentifier>
    </Filter>
    <Filter Include="simple_library\public\simple_math\transformation\quaternion">
      <UniqueIdentifier>{8307624b-9808-49d0-98cb-b1fec511cf71}</UniqueIdentifier>
    </Filter>
    <Filter Include="simple_library\public\simple_math\transformation\rotator">
      <UniqueIdentifier>{391474e1-8c00-4f74-9c5d-85b05dbf14b6}</UniqueIdentifier>
    </Filter>
    <Filter Include="simple_library\public\simple_math\transformation\vector">
      <UniqueIdentifier>{bd8ba605-bbc1-4f55-a1db-bba0bf6bfcd6}</UniqueIdentifier>
    </Filter>
    <Filter Include="simple_library\third_party_library\nlohmann">
      <UniqueIdentifier>{3d3bd325-0979-40b2-80d0-3c8acaa00fc2}</UniqueIdentifier>
    </Filter>
    <Filter Include="simple_library\third_party_library\tinyxml">
      <UniqueIdentifier>{7d109b5a-47f6-4079-bd60-8b2054e678a7}</UniqueIdentifier>
    </Filter>
    <Filter Include="simple_library\public\simple_core_minimal\simple_c_core\simple_c_array\Core">
      <UniqueIdentifier>{9a9bf1ac-46e3-48c1-b170-79a0760828df}</UniqueIdentifier>
    </Filter>
    <Filter Include="Shader">
      <UniqueIdentifier>{e2f3c493-795e-40cb-9273-ac65ca1968ba}</UniqueIdentifier>
    </Filter>
    <Filter Include="EngineCode">
      <UniqueIdentifier>{768daf3e-16a5-4363-9682-9778f7a5f3bb}</UniqueIdentifier>
    </Filter>
    <Filter Include="EngineCode\Config">
      <UniqueIdentifier>{a1f95a3a-e757-4da0-9e83-1559a853877b}</UniqueIdentifier>
    </Filter>
    <Filter Include="EngineCode\Debug">
      <UniqueIdentifier>{637d946e-efae-449b-9305-cc7dbedfd5d2}</UniqueIdentifier>
    </Filter>
    <Filter Include="EngineCode\Debug\Log">
      <UniqueIdentifier>{0f482a60-46d8-44a3-97ea-ac3295e7df65}</UniqueIdentifier>
    </Filter>
    <Filter Include="EngineCode\Windows">
      <UniqueIdentifier>{8b805001-b059-4de4-af59-e6bbe76d35a9}</UniqueIdentifier>
    </Filter>
    <Filter Include="EngineCode\Frame">
      <UniqueIdentifier>{671846e0-5c13-4fc9-8230-c69b5131e746}</UniqueIdentifier>
    </Filter>
    <Filter Include="EngineCode\Math">
      <UniqueIdentifier>{3d4b5c6b-ef3b-4023-a3ce-59e9d085117e}</UniqueIdentifier>
    </Filter>
    <Filter Include="EngineCode\Mesh">
      <UniqueIdentifier>{082ff661-4598-4724-82eb-ced851769e0a}</UniqueIdentifier>
    </Filter>
    <Filter Include="EngineCode\Shader">
      <UniqueIdentifier>{09dc547f-8c0f-46b4-8957-7e057b4f364b}</UniqueIdentifier>
    </Filter>
    <Filter Include="EngineCode\Rendering">
      <UniqueIdentifier>{a997e81a-1eee-45bb-b4ac-888f72575669}</UniqueIdentifier>
    </Filter>
    <Filter Include="EngineCode\Rendering\Frame">
      <UniqueIdentifier>{90576393-c62f-4f5a-ac65-0f4f328b7656}</UniqueIdentifier>
    </Filter>
    <Filter Include="EngineCode\Mesh\Frame">
      <UniqueIdentifier>{ce55ecb1-0c7a-4ddf-8bd5-5b75b3ee7a77}</UniqueIdentifier>
    </Filter>
    <Filter Include="EngineCode\Shader\Frame">
      <UniqueIdentifier>{44974a97-2b02-4ea9-a382-84d7490978be}</UniqueIdentifier>
    </Filter>
  </ItemGroup>
  <ItemGroup>
    <ClCompile Include="simple_library\private\simple_math\soft_rasterization\soft_rasterization.cpp">
      <Filter>simple_library\private\simple_math\soft_rasterization</Filter>
    </ClCompile>
    <ClCompile Include="simple_library\private\simple_math\transformation\matrix\matrix_2x2.cpp">
      <Filter>simple_library\private\simple_math\transformation\matrix</Filter>
    </ClCompile>
    <ClCompile Include="simple_library\private\simple_math\transformation\matrix\matrix_3x3.cpp">
      <Filter>simple_library\private\simple_math\transformation\matrix</Filter>
    </ClCompile>
    <ClCompile Include="simple_library\private\simple_math\transformation\matrix\matrix_4x3.cpp">
      <Filter>simple_library\private\simple_math\transformation\matrix</Filter>
    </ClCompile>
    <ClCompile Include="simple_library\private\simple_math\transformation\matrix\matrix_4x4.cpp">
      <Filter>simple_library\private\simple_math\transformation\matrix</Filter>
    </ClCompile>
    <ClCompile Include="simple_library\private\simple_math\transformation\primitives\line.cpp">
      <Filter>simple_library\private\simple_math\transformation\primitives</Filter>
    </ClCompile>
    <ClCompile Include="simple_library\private\simple_math\transformation\primitives\triangle.cpp">
      <Filter>simple_library\private\simple_math\transformation\primitives</Filter>
    </ClCompile>
    <ClCompile Include="simple_library\private\simple_math\transformation\quaternion\quat.cpp">
      <Filter>simple_library\private\simple_math\transformation\quaternion</Filter>
    </ClCompile>
    <ClCompile Include="simple_library\private\simple_math\transformation\rotator\rotator.cpp">
      <Filter>simple_library\private\simple_math\transformation\rotator</Filter>
    </ClCompile>
    <ClCompile Include="simple_library\private\simple_math\transformation\vector\vector_2d.cpp">
      <Filter>simple_library\private\simple_math\transformation\vector</Filter>
    </ClCompile>
    <ClCompile Include="simple_library\private\simple_math\transformation\vector\vector_2id.cpp">
      <Filter>simple_library\private\simple_math\transformation\vector</Filter>
    </ClCompile>
    <ClCompile Include="simple_library\private\simple_math\transformation\vector\vector_3d.cpp">
      <Filter>simple_library\private\simple_math\transformation\vector</Filter>
    </ClCompile>
    <ClCompile Include="simple_library\private\simple_math\transformation\vector\vector_3id.cpp">
      <Filter>simple_library\private\simple_math\transformation\vector</Filter>
    </ClCompile>
    <ClCompile Include="simple_library\private\simple_math\transformation\vector\vector_4d.cpp">
      <Filter>simple_library\private\simple_math\transformation\vector</Filter>
    </ClCompile>
    <ClCompile Include="simple_library\private\simple_math\transformation\vector\vector_4id.cpp">
      <Filter>simple_library\private\simple_math\transformation\vector</Filter>
    </ClCompile>
    <ClCompile Include="simple_library\private\simple_math\transformation\vector\vector_color.cpp">
      <Filter>simple_library\private\simple_math\transformation\vector</Filter>
    </ClCompile>
    <ClCompile Include="simple_library\private\simple_math\math_utils.cpp">
      <Filter>simple_library\private\simple_math</Filter>
    </ClCompile>
    <ClCompile Include="simple_library\private\simple_math\simple_math.c">
      <Filter>simple_library\private\simple_math</Filter>
    </ClCompile>
    <ClCompile Include="simple_library\private\simple_math\simple_math.cpp">
      <Filter>simple_library\private\simple_math</Filter>
    </ClCompile>
    <ClCompile Include="simple_library\private\simple_c_log\simple_c_log.c">
      <Filter>simple_library\private\simple_c_log</Filter>
    </ClCompile>
    <ClCompile Include="simple_library\private\simple_core_minimal\simple_c_core\simple_c_array\simple_c_array_string.c">
      <Filter>simple_library\private\simple_core_minimal\simple_c_core\simple_c_array</Filter>
    </ClCompile>
    <ClCompile Include="simple_library\private\simple_core_minimal\simple_c_core\simple_c_string_algorithm\string_algorithm.c">
      <Filter>simple_library\private\simple_core_minimal\simple_c_core\simple_c_string_algorithm</Filter>
    </ClCompile>
    <ClCompile Include="simple_library\private\simple_core_minimal\simple_c_guid\simple_guid.c">
      <Filter>simple_library\private\simple_core_minimal\simple_c_guid</Filter>
    </ClCompile>
    <ClCompile Include="simple_library\private\simple_core_minimal\simple_c_helper_file\simple_file_helper.c">
      <Filter>simple_library\private\simple_core_minimal\simple_c_helper_file</Filter>
    </ClCompile>
    <ClCompile Include="simple_library\private\simple_core_minimal\simple_c_path\simple_c_path.c">
      <Filter>simple_library\private\simple_core_minimal\simple_c_path</Filter>
    </ClCompile>
    <ClCompile Include="simple_library\private\simple_core_minimal\simple_c_time\simple_c_locale_list.c">
      <Filter>simple_library\private\simple_core_minimal\simple_c_time</Filter>
    </ClCompile>
    <ClCompile Include="simple_library\private\simple_core_minimal\simple_c_time\simple_c_time.c">
      <Filter>simple_library\private\simple_core_minimal\simple_c_time</Filter>
    </ClCompile>
    <ClCompile Include="simple_library\private\simple_core_minimal\simple_c_windows\simple_c_windows_register.c">
      <Filter>simple_library\private\simple_core_minimal\simple_c_windows</Filter>
    </ClCompile>
    <ClCompile Include="simple_library\private\simple_core_minimal\simple_c_windows\simple_c_windows_setting.c">
      <Filter>simple_library\private\simple_core_minimal\simple_c_windows</Filter>
    </ClCompile>
    <ClCompile Include="simple_library\private\simple_cpp_core_minimal\simple_cpp_helper_file\simple_cpp_helper_file.cpp">
      <Filter>simple_library\private\simple_cpp_core_minimal\simple_cpp_helper_file</Filter>
    </ClCompile>
    <ClCompile Include="simple_library\private\simple_cpp_core_minimal\simple_cpp_string_algorithm\simple_cpp_string_algorithm.cpp">
      <Filter>simple_library\private\simple_cpp_core_minimal\simple_cpp_string_algorithm</Filter>
    </ClCompile>
    <ClCompile Include="simple_library\private\simple_image\simple_image.cpp">
      <Filter>simple_library\private\simple_image</Filter>
    </ClCompile>
    <ClCompile Include="simple_library\private\simple_image\Core\simple_image_bmp.cpp">
      <Filter>simple_library\private\simple_image\Core</Filter>
    </ClCompile>
    <ClCompile Include="simple_library\third_party_library\tinyxml\tinystr.cpp">
      <Filter>simple_library\third_party_library\tinyxml</Filter>
    </ClCompile>
    <ClCompile Include="simple_library\third_party_library\tinyxml\tinyxml.cpp">
      <Filter>simple_library\third_party_library\tinyxml</Filter>
    </ClCompile>
    <ClCompile Include="simple_library\third_party_library\tinyxml\tinyxmlerror.cpp">
      <Filter>simple_library\third_party_library\tinyxml</Filter>
    </ClCompile>
    <ClCompile Include="simple_library\third_party_library\tinyxml\tinyxmlparser.cpp">
      <Filter>simple_library\third_party_library\tinyxml</Filter>
    </ClCompile>
    <ClCompile Include="EngineCode\Config\EngineRenderConfig.cpp">
      <Filter>EngineCode\Config</Filter>
    </ClCompile>
    <ClCompile Include="EngineCode\Frame\Engine.cpp">
      <Filter>EngineCode\Frame</Filter>
    </ClCompile>
    <ClCompile Include="EngineCode\Frame\WinMainCommandParameters.cpp">
      <Filter>EngineCode\Frame</Filter>
    </ClCompile>
    <ClCompile Include="EngineCode\Windows\WindowsEngine.cpp">
      <Filter>EngineCode\Windows</Filter>
    </ClCompile>
    <ClCompile Include="EngineCode\Windows\WindowsMessageProcessing.cpp">
      <Filter>EngineCode\Windows</Filter>
    </ClCompile>
    <ClCompile Include="EngineCode\DX12Engine.cpp">
      <Filter>EngineCode</Filter>
    </ClCompile>
    <ClCompile Include="EngineCode\EngineFactory.cpp">
      <Filter>EngineCode</Filter>
    </ClCompile>
    <ClCompile Include="EngineCode\Math\EngineMath.cpp">
      <Filter>EngineCode\Math</Filter>
    </ClCompile>
  </ItemGroup>
  <ItemGroup>
    <ClInclude Include="simple_library\public\simple_library.h">
      <Filter>simple_library\public</Filter>
    </ClInclude>
    <ClInclude Include="simple_library\public\simple_library_macro.h">
      <Filter>simple_library\public</Filter>
    </ClInclude>
    <ClInclude Include="simple_library\public\simple_c_log\simple_c_log.h">
      <Filter>simple_library\public\simple_c_log</Filter>
    </ClInclude>
    <ClInclude Include="simple_library\public\simple_core_minimal\simple_c_core\simple_c_array\simple_c_array.h">
      <Filter>simple_library\public\simple_core_minimal\simple_c_core\simple_c_array</Filter>
    </ClInclude>
    <ClInclude Include="simple_library\public\simple_core_minimal\simple_c_core\simple_c_array\simple_c_array_string.h">
      <Filter>simple_library\public\simple_core_minimal\simple_c_core\simple_c_array</Filter>
    </ClInclude>
    <ClInclude Include="simple_library\public\simple_core_minimal\simple_c_core\simple_c_array\Core\simple_array_c_macro.h">
      <Filter>simple_library\public\simple_core_minimal\simple_c_core\simple_c_array\Core</Filter>
    </ClInclude>
    <ClInclude Include="simple_library\public\simple_core_minimal\simple_c_core\simple_c_string_algorithm\string_algorithm.h">
      <Filter>simple_library\public\simple_core_minimal\simple_c_core\simple_c_string_algorithm</Filter>
    </ClInclude>
    <ClInclude Include="simple_library\public\simple_core_minimal\simple_c_guid\simple_guid.h">
      <Filter>simple_library\public\simple_core_minimal\simple_c_guid</Filter>
    </ClInclude>
    <ClInclude Include="simple_library\public\simple_core_minimal\simple_c_helper_file\simple_file_helper.h">
      <Filter>simple_library\public\simple_core_minimal\simple_c_helper_file</Filter>
    </ClInclude>
    <ClInclude Include="simple_library\public\simple_core_minimal\simple_c_path\simple_path.h">
      <Filter>simple_library\public\simple_core_minimal\simple_c_path</Filter>
    </ClInclude>
    <ClInclude Include="simple_library\public\simple_core_minimal\simple_c_time\simple_c_locale_list.h">
      <Filter>simple_library\public\simple_core_minimal\simple_c_time</Filter>
    </ClInclude>
    <ClInclude Include="simple_library\public\simple_core_minimal\simple_c_time\simple_c_time.h">
      <Filter>simple_library\public\simple_core_minimal\simple_c_time</Filter>
    </ClInclude>
    <ClInclude Include="simple_library\public\simple_core_minimal\simple_c_windows\simple_c_windows_register.h">
      <Filter>simple_library\public\simple_core_minimal\simple_c_windows</Filter>
    </ClInclude>
    <ClInclude Include="simple_library\public\simple_core_minimal\simple_c_windows\simple_c_windows_setting.h">
      <Filter>simple_library\public\simple_core_minimal\simple_c_windows</Filter>
    </ClInclude>
    <ClInclude Include="simple_library\public\simple_cpp_core_minimal\shared\simple_cpp_shared_ptr.h">
      <Filter>simple_library\public\simple_cpp_core_minimal\shared</Filter>
    </ClInclude>
    <ClInclude Include="simple_library\public\simple_cpp_core_minimal\shared\simple_cpp_shared_ptr_type.h">
      <Filter>simple_library\public\simple_cpp_core_minimal\shared</Filter>
    </ClInclude>
    <ClInclude Include="simple_library\public\simple_cpp_core_minimal\simple_cpp_helper_file\simple_cpp_helper_file.h">
      <Filter>simple_library\public\simple_cpp_core_minimal\simple_cpp_helper_file</Filter>
    </ClInclude>
    <ClInclude Include="simple_library\public\simple_cpp_core_minimal\simple_cpp_string_algorithm\simple_cpp_string_algorithm.h">
      <Filter>simple_library\public\simple_cpp_core_minimal\simple_cpp_string_algorithm</Filter>
    </ClInclude>
    <ClInclude Include="simple_library\public\simple_cpp_core_minimal\simple_cpp_core_minimal.h">
      <Filter>simple_library\public\simple_cpp_core_minimal</Filter>
    </ClInclude>
    <ClInclude Include="simple_library\public\simple_delegate\simple_delegate.h">
      <Filter>simple_library\public\simple_delegate</Filter>
    </ClInclude>
    <ClInclude Include="simple_library\public\simple_image\simple_image.h">
      <Filter>simple_library\public\simple_image</Filter>
    </ClInclude>
    <ClInclude Include="simple_library\public\simple_image\Core\simple_image_bmp.h">
      <Filter>simple_library\public\simple_image\Core</Filter>
    </ClInclude>
    <ClInclude Include="simple_library\public\simple_image\Core\simple_image_type.h">
      <Filter>simple_library\public\simple_image\Core</Filter>
    </ClInclude>
    <ClInclude Include="simple_library\public\simple_math\math_libray.hpp">
      <Filter>simple_library\public\simple_math</Filter>
    </ClInclude>
    <ClInclude Include="simple_library\public\simple_math\math_utils.h">
      <Filter>simple_library\public\simple_math</Filter>
    </ClInclude>
    <ClInclude Include="simple_library\public\simple_math\simple_core_math.h">
      <Filter>simple_library\public\simple_math</Filter>
    </ClInclude>
    <ClInclude Include="simple_library\public\simple_math\simple_math.h">
      <Filter>simple_library\public\simple_math</Filter>
    </ClInclude>
    <ClInclude Include="simple_library\public\simple_math\soft_rasterization\soft_rasterization.h">
      <Filter>simple_library\public\simple_math\soft_rasterization</Filter>
    </ClInclude>
    <ClInclude Include="simple_library\public\simple_math\transformation\matrix\matrix_2x2.h">
      <Filter>simple_library\public\simple_math\transformation\matrix</Filter>
    </ClInclude>
    <ClInclude Include="simple_library\public\simple_math\transformation\matrix\matrix_3x3.h">
      <Filter>simple_library\public\simple_math\transformation\matrix</Filter>
    </ClInclude>
    <ClInclude Include="simple_library\public\simple_math\transformation\matrix\matrix_4x3.h">
      <Filter>simple_library\public\simple_math\transformation\matrix</Filter>
    </ClInclude>
    <ClInclude Include="simple_library\public\simple_math\transformation\matrix\matrix_4x4.h">
      <Filter>simple_library\public\simple_math\transformation\matrix</Filter>
    </ClInclude>
    <ClInclude Include="simple_library\public\simple_math\transformation\primitives\line.h">
      <Filter>simple_library\public\simple_math\transformation\primitives</Filter>
    </ClInclude>
    <ClInclude Include="simple_library\public\simple_math\transformation\primitives\triangle.h">
      <Filter>simple_library\public\simple_math\transformation\primitives</Filter>
    </ClInclude>
    <ClInclude Include="simple_library\public\simple_math\transformation\quaternion\quat.h">
      <Filter>simple_library\public\simple_math\transformation\quaternion</Filter>
    </ClInclude>
    <ClInclude Include="simple_library\public\simple_math\transformation\rotator\rotator.h">
      <Filter>simple_library\public\simple_math\transformation\rotator</Filter>
    </ClInclude>
    <ClInclude Include="simple_library\public\simple_math\transformation\vector\vector_2d.h">
      <Filter>simple_library\public\simple_math\transformation\vector</Filter>
    </ClInclude>
    <ClInclude Include="simple_library\public\simple_math\transformation\vector\vector_2id.h">
      <Filter>simple_library\public\simple_math\transformation\vector</Filter>
    </ClInclude>
    <ClInclude Include="simple_library\public\simple_math\transformation\vector\vector_3d.h">
      <Filter>simple_library\public\simple_math\transformation\vector</Filter>
    </ClInclude>
    <ClInclude Include="simple_library\public\simple_math\transformation\vector\vector_3id.h">
      <Filter>simple_library\public\simple_math\transformation\vector</Filter>
    </ClInclude>
    <ClInclude Include="simple_library\public\simple_math\transformation\vector\vector_4d.h">
      <Filter>simple_library\public\simple_math\transformation\vector</Filter>
    </ClInclude>
    <ClInclude Include="simple_library\public\simple_math\transformation\vector\vector_4id.h">
      <Filter>simple_library\public\simple_math\transformation\vector</Filter>
    </ClInclude>
    <ClInclude Include="simple_library\public\simple_math\transformation\vector\vector_color.h">
      <Filter>simple_library\public\simple_math\transformation\vector</Filter>
    </ClInclude>
    <ClInclude Include="simple_library\third_party_library\nlohmann\json.hpp">
      <Filter>simple_library\third_party_library\nlohmann</Filter>
    </ClInclude>
    <ClInclude Include="simple_library\third_party_library\tinyxml\tinystr.h">
      <Filter>simple_library\third_party_library\tinyxml</Filter>
    </ClInclude>
    <ClInclude Include="simple_library\third_party_library\tinyxml\tinyxml.h">
      <Filter>simple_library\third_party_library\tinyxml</Filter>
    </ClInclude>
    <ClInclude Include="simple_library\public\simple_core_minimal\simple_c_core\simple_core_minimal.h">
      <Filter>simple_library\public\simple_core_minimal\simple_c_core</Filter>
    </ClInclude>
    <ClInclude Include="simple_library\public\simple_array\simple_hash_array.h">
      <Filter>simple_library\public\simple_array</Filter>
    </ClInclude>
    <ClInclude Include="EngineCode\Config\EngineRenderConfig.h">
      <Filter>EngineCode\Config</Filter>
    </ClInclude>
    <ClInclude Include="EngineCode\Frame\Engine.h">
      <Filter>EngineCode\Frame</Filter>
    </ClInclude>
    <ClInclude Include="EngineCode\Frame\WinMainCommandParameters.h">
      <Filter>EngineCode\Frame</Filter>
    </ClInclude>
    <ClInclude Include="EngineCode\Windows\WindowsEngine.h">
      <Filter>EngineCode\Windows</Filter>
    </ClInclude>
    <ClInclude Include="EngineCode\Windows\WindowsMessageProcessing.h">
      <Filter>EngineCode\Windows</Filter>
    </ClInclude>
    <ClInclude Include="EngineCode\d3dx12.h">
      <Filter>EngineCode</Filter>
    </ClInclude>
    <ClInclude Include="EngineCode\EngineFactory.h">
      <Filter>EngineCode</Filter>
    </ClInclude>
    <ClInclude Include="EngineCode\EngineMinimal.h">
      <Filter>EngineCode</Filter>
    </ClInclude>
    <ClInclude Include="EngineCode\Debug\EngineDebug.h">
      <Filter>EngineCode\Debug</Filter>
    </ClInclude>
    <ClInclude Include="EngineCode\Debug\Log\SimpleLog.h">
      <Filter>EngineCode\Debug\Log</Filter>
    </ClInclude>
    <ClInclude Include="EngineCode\Math\EngineMath.h">
      <Filter>EngineCode\Math</Filter>
    </ClInclude>
  </ItemGroup>
  <ItemGroup>
    <FxCompile Include="Shader\VertexShader.hlsl">
      <Filter>Shader</Filter>
    </FxCompile>
  </ItemGroup>
</Project>