
Microsoft Visual Studio Solution File, Format Version 12.00
# Visual Studio Version 17
VisualStudioVersion = 17.10.34928.147
MinimumVisualStudioVersion = 10.0.40219.1
Project("{8BC9CEB8-8B4A-11D0-8D11-00A0C91BC942}") = "DX12EngineModelTool", "SourceCode\DX12EngineModelTool\DX12EngineModelTool.vcxproj", "{CD2096F2-AD60-4CF0-9CF7-A1B1932BD90C}"
	ProjectSection(ProjectDependencies) = postProject
		{5A75AF6C-BC1D-412E-8261-F7D0F390A22E} = {5A75AF6C-BC1D-412E-8261-F7D0F390A22E}
		{A003AC3A-5C6B-41B9-B296-677201A58C49} = {A003AC3A-5C6B-41B9-B296-677201A58C49}
	EndProjectSection
EndProject
Project("{8BC9CEB8-8B4A-11D0-8D11-00A0C91BC942}") = "DX12EngineBuildingTool", "SourceCode\DX12EngineBuildingTool\MyEngineBuildingTool.vcxproj", "{75E5D210-99FC-4F6F-948B-2A64F08A8208}"
	ProjectSection(ProjectDependencies) = postProject
		{5A75AF6C-BC1D-412E-8261-F7D0F390A22E} = {5A75AF6C-BC1D-412E-8261-F7D0F390A22E}
		{A003AC3A-5C6B-41B9-B296-677201A58C49} = {A003AC3A-5C6B-41B9-B296-677201A58C49}
	EndProjectSection
EndProject
Project("{8BC9CEB8-8B4A-11D0-8D11-00A0C91BC942}") = "EngineSimpleLibrary", "SourceCode\EngineSimpleLibrary\EngineSimpleLibrary.vcxproj", "{5A75AF6C-BC1D-412E-8261-F7D0F390A22E}"
EndProject
Project("{8BC9CEB8-8B4A-11D0-8D11-00A0C91BC942}") = "DX12EngineGeneralSetting", "SourceCode\DX12EngineGeneralSetting\DX12EngineGeneralSetting.vcxproj", "{A003AC3A-5C6B-41B9-B296-677201A58C49}"
EndProject
Project("{2150E333-8FDC-42A3-9474-1A3956D46DE8}") = "Engine", "Engine", "{8CD2BFCC-380A-4B8D-9093-CD2AACDBAB66}"
EndProject
Project("{2150E333-8FDC-42A3-9474-1A3956D46DE8}") = "Programs", "Programs", "{F21B6B7F-D964-4663-AA20-DC167368B95B}"
EndProject
Project("{8BC9CEB8-8B4A-11D0-8D11-00A0C91BC942}") = "newDX12Engine", "SourceCode\newDX12Engine\newDX12Engine.vcxproj", "{0411D997-39DD-4815-A805-01EE792C0794}"
EndProject
Global
	GlobalSection(SolutionConfigurationPlatforms) = preSolution
		Debug|x64 = Debug|x64
		Debug|x86 = Debug|x86
		Release|x64 = Release|x64
		Release|x86 = Release|x86
	EndGlobalSection
	GlobalSection(ProjectConfigurationPlatforms) = postSolution
		{CD2096F2-AD60-4CF0-9CF7-A1B1932BD90C}.Debug|x64.ActiveCfg = Debug|x64
		{CD2096F2-AD60-4CF0-9CF7-A1B1932BD90C}.Debug|x64.Build.0 = Debug|x64
		{CD2096F2-AD60-4CF0-9CF7-A1B1932BD90C}.Debug|x86.ActiveCfg = Debug|Win32
		{CD2096F2-AD60-4CF0-9CF7-A1B1932BD90C}.Debug|x86.Build.0 = Debug|Win32
		{CD2096F2-AD60-4CF0-9CF7-A1B1932BD90C}.Release|x64.ActiveCfg = Release|x64
		{CD2096F2-AD60-4CF0-9CF7-A1B1932BD90C}.Release|x64.Build.0 = Release|x64
		{CD2096F2-AD60-4CF0-9CF7-A1B1932BD90C}.Release|x86.ActiveCfg = Release|Win32
		{CD2096F2-AD60-4CF0-9CF7-A1B1932BD90C}.Release|x86.Build.0 = Release|Win32
		{75E5D210-99FC-4F6F-948B-2A64F08A8208}.Debug|x64.ActiveCfg = Debug|x64
		{75E5D210-99FC-4F6F-948B-2A64F08A8208}.Debug|x64.Build.0 = Debug|x64
		{75E5D210-99FC-4F6F-948B-2A64F08A8208}.Debug|x86.ActiveCfg = Debug|Win32
		{75E5D210-99FC-4F6F-948B-2A64F08A8208}.Debug|x86.Build.0 = Debug|Win32
		{75E5D210-99FC-4F6F-948B-2A64F08A8208}.Release|x64.ActiveCfg = Release|x64
		{75E5D210-99FC-4F6F-948B-2A64F08A8208}.Release|x64.Build.0 = Release|x64
		{75E5D210-99FC-4F6F-948B-2A64F08A8208}.Release|x86.ActiveCfg = Release|Win32
		{75E5D210-99FC-4F6F-948B-2A64F08A8208}.Release|x86.Build.0 = Release|Win32
		{5A75AF6C-BC1D-412E-8261-F7D0F390A22E}.Debug|x64.ActiveCfg = Debug|x64
		{5A75AF6C-BC1D-412E-8261-F7D0F390A22E}.Debug|x64.Build.0 = Debug|x64
		{5A75AF6C-BC1D-412E-8261-F7D0F390A22E}.Debug|x86.ActiveCfg = Debug|Win32
		{5A75AF6C-BC1D-412E-8261-F7D0F390A22E}.Debug|x86.Build.0 = Debug|Win32
		{5A75AF6C-BC1D-412E-8261-F7D0F390A22E}.Release|x64.ActiveCfg = Release|x64
		{5A75AF6C-BC1D-412E-8261-F7D0F390A22E}.Release|x64.Build.0 = Release|x64
		{5A75AF6C-BC1D-412E-8261-F7D0F390A22E}.Release|x86.ActiveCfg = Release|Win32
		{5A75AF6C-BC1D-412E-8261-F7D0F390A22E}.Release|x86.Build.0 = Release|Win32
		{A003AC3A-5C6B-41B9-B296-677201A58C49}.Debug|x64.ActiveCfg = Debug|x64
		{A003AC3A-5C6B-41B9-B296-677201A58C49}.Debug|x64.Build.0 = Debug|x64
		{A003AC3A-5C6B-41B9-B296-677201A58C49}.Debug|x86.ActiveCfg = Debug|Win32
		{A003AC3A-5C6B-41B9-B296-677201A58C49}.Debug|x86.Build.0 = Debug|Win32
		{A003AC3A-5C6B-41B9-B296-677201A58C49}.Release|x64.ActiveCfg = Release|x64
		{A003AC3A-5C6B-41B9-B296-677201A58C49}.Release|x64.Build.0 = Release|x64
		{A003AC3A-5C6B-41B9-B296-677201A58C49}.Release|x86.ActiveCfg = Release|Win32
		{A003AC3A-5C6B-41B9-B296-677201A58C49}.Release|x86.Build.0 = Release|Win32
		{0411D997-39DD-4815-A805-01EE792C0794}.Debug|x64.ActiveCfg = Debug|x64
		{0411D997-39DD-4815-A805-01EE792C0794}.Debug|x64.Build.0 = Debug|x64
		{0411D997-39DD-4815-A805-01EE792C0794}.Debug|x86.ActiveCfg = Debug|Win32
		{0411D997-39DD-4815-A805-01EE792C0794}.Debug|x86.Build.0 = Debug|Win32
		{0411D997-39DD-4815-A805-01EE792C0794}.Release|x64.ActiveCfg = Release|x64
		{0411D997-39DD-4815-A805-01EE792C0794}.Release|x64.Build.0 = Release|x64
		{0411D997-39DD-4815-A805-01EE792C0794}.Release|x86.ActiveCfg = Release|Win32
		{0411D997-39DD-4815-A805-01EE792C0794}.Release|x86.Build.0 = Release|Win32
	EndGlobalSection
	GlobalSection(SolutionProperties) = preSolution
		HideSolutionNode = FALSE
	EndGlobalSection
	GlobalSection(NestedProjects) = preSolution
		{CD2096F2-AD60-4CF0-9CF7-A1B1932BD90C} = {F21B6B7F-D964-4663-AA20-DC167368B95B}
		{75E5D210-99FC-4F6F-948B-2A64F08A8208} = {F21B6B7F-D964-4663-AA20-DC167368B95B}
		{5A75AF6C-BC1D-412E-8261-F7D0F390A22E} = {F21B6B7F-D964-4663-AA20-DC167368B95B}
		{A003AC3A-5C6B-41B9-B296-677201A58C49} = {F21B6B7F-D964-4663-AA20-DC167368B95B}
		{0411D997-39DD-4815-A805-01EE792C0794} = {8CD2BFCC-380A-4B8D-9093-CD2AACDBAB66}
	EndGlobalSection
	GlobalSection(ExtensibilityGlobals) = postSolution
		SolutionGuid = {A3B19519-FDA6-4EC4-A1AC-EA3B9F848BCE}
	EndGlobalSection
EndGlobal
