<?xml version="1.0" encoding="utf-8"?>
<Project ToolsVersion="4.0" xmlns="http://schemas.microsoft.com/developer/msbuild/2003">
  <ItemGroup>
    <Filter Include="源文件">
      <UniqueIdentifier>{4FC737F1-C7A5-4376-A066-2A32D752A2FF}</UniqueIdentifier>
      <Extensions>cpp;c;cc;cxx;c++;cppm;ixx;def;odl;idl;hpj;bat;asm;asmx</Extensions>
    </Filter>
    <Filter Include="头文件">
      <UniqueIdentifier>{93995380-89BD-4b04-88EB-625FBE52EBFB}</UniqueIdentifier>
      <Extensions>h;hh;hpp;hxx;h++;hm;inl;inc;ipp;xsd</Extensions>
    </Filter>
    <Filter Include="资源文件">
      <UniqueIdentifier>{67DA6AB6-F800-4c08-8B7A-83BB121AAD01}</UniqueIdentifier>
      <Extensions>rc;ico;cur;bmp;dlg;rc2;rct;bin;rgs;gif;jpg;jpeg;jpe;resx;tiff;tif;png;wav;mfcribbon-ms</Extensions>
    </Filter>
    <Filter Include="CodeReflection">
      <UniqueIdentifier>{789b6514-8f2c-4d33-85fe-8e5632b21a11}</UniqueIdentifier>
    </Filter>
    <Filter Include="Component">
      <UniqueIdentifier>{7dd8843e-ddb4-4f36-93c3-02229f93db69}</UniqueIdentifier>
    </Filter>
    <Filter Include="Construction">
      <UniqueIdentifier>{11d4bb0c-c345-496d-89b6-90ee9f6e25ef}</UniqueIdentifier>
    </Filter>
    <Filter Include="CoreObject">
      <UniqueIdentifier>{344ac4db-5ae6-48f0-999a-114a04f0e37a}</UniqueIdentifier>
    </Filter>
  </ItemGroup>
  <ItemGroup>
    <ClCompile Include="Component\Component.cpp">
      <Filter>Component</Filter>
    </ClCompile>
    <ClCompile Include="CoreObject\CoreMinimalObject.cpp">
      <Filter>CoreObject</Filter>
    </ClCompile>
    <ClCompile Include="CoreObject\GuidInterface.cpp">
      <Filter>CoreObject</Filter>
    </ClCompile>
    <ClCompile Include="Construction\ConstructionComponents.cpp">
      <Filter>Construction</Filter>
    </ClCompile>
    <ClCompile Include="Construction\ObjectConstruction.cpp">
      <Filter>Construction</Filter>
    </ClCompile>
    <ClCompile Include="CoreObject\ClassObject.cpp">
      <Filter>CoreObject</Filter>
    </ClCompile>
    <ClCompile Include="CoreObject\EnumObject.cpp">
      <Filter>CoreObject</Filter>
    </ClCompile>
    <ClCompile Include="CoreObject\FieldObject.cpp">
      <Filter>CoreObject</Filter>
    </ClCompile>
    <ClCompile Include="CoreObject\FunctionObject.cpp">
      <Filter>CoreObject</Filter>
    </ClCompile>
    <ClCompile Include="CoreObject\PropertyObject.cpp">
      <Filter>CoreObject</Filter>
    </ClCompile>
    <ClCompile Include="CoreObject\StructObject.cpp">
      <Filter>CoreObject</Filter>
    </ClCompile>
    <ClCompile Include="CodeReflection\Frame.cpp">
      <Filter>CodeReflection</Filter>
    </ClCompile>
    <ClCompile Include="CodeReflection\FunctionManager.cpp">
      <Filter>CodeReflection</Filter>
    </ClCompile>
    <ClCompile Include="CodeReflection\ScriptCommand.cpp">
      <Filter>CodeReflection</Filter>
    </ClCompile>
  </ItemGroup>
  <ItemGroup>
    <ClInclude Include="Component\Component.h">
      <Filter>Component</Filter>
    </ClInclude>
    <ClInclude Include="CoreObject\CoreMinimalObject.h">
      <Filter>CoreObject</Filter>
    </ClInclude>
    <ClInclude Include="CoreObject\GuidInterface.h">
      <Filter>CoreObject</Filter>
    </ClInclude>
    <ClInclude Include="Construction\ConstructionComponents.h">
      <Filter>Construction</Filter>
    </ClInclude>
    <ClInclude Include="Construction\ObjectConstruction.h">
      <Filter>Construction</Filter>
    </ClInclude>
    <ClInclude Include="CodeReflection\CodeReflectionMacroTag.h">
      <Filter>CodeReflection</Filter>
    </ClInclude>
    <ClInclude Include="CoreObjectMinimal.h">
      <Filter>头文件</Filter>
    </ClInclude>
    <ClInclude Include="DX12EngineCoreObjectMacro.h">
      <Filter>头文件</Filter>
    </ClInclude>
    <ClInclude Include="CoreObject\ClassObject.h">
      <Filter>CoreObject</Filter>
    </ClInclude>
    <ClInclude Include="CoreObject\EnumObject.h">
      <Filter>CoreObject</Filter>
    </ClInclude>
    <ClInclude Include="CoreObject\FieldObject.h">
      <Filter>CoreObject</Filter>
    </ClInclude>
    <ClInclude Include="CoreObject\FunctionObject.h">
      <Filter>CoreObject</Filter>
    </ClInclude>
    <ClInclude Include="CoreObject\PropertyObject.h">
      <Filter>CoreObject</Filter>
    </ClInclude>
    <ClInclude Include="CoreObject\StructObject.h">
      <Filter>CoreObject</Filter>
    </ClInclude>
    <ClInclude Include="CodeReflection\Frame.h">
      <Filter>CodeReflection</Filter>
    </ClInclude>
    <ClInclude Include="CodeReflection\FunctionManager.h">
      <Filter>CodeReflection</Filter>
    </ClInclude>
    <ClInclude Include="CodeReflection\ScriptCommand.h">
      <Filter>CodeReflection</Filter>
    </ClInclude>
    <ClInclude Include="CodeReflection\ScriptMacro.h">
      <Filter>CodeReflection</Filter>
    </ClInclude>
  </ItemGroup>
</Project>