<?xml version="1.0" encoding="utf-8"?>
<Project ToolsVersion="4.0" xmlns="http://schemas.microsoft.com/developer/msbuild/2003">
  <ItemGroup>
    <Filter Include="CodeReflection">
      <UniqueIdentifier>{B07A5E81-03B7-4859-8D0A-02D3FD7F8265}</UniqueIdentifier>
    </Filter>
    <Filter Include="CodeReflection\CollectClassInfoFun">
      <UniqueIdentifier>{4BD30113-2E07-49F9-8A8C-213D2C5EB64C}</UniqueIdentifier>
    </Filter>
    <Filter Include="CodeReflection\IntermediateFile">
      <UniqueIdentifier>{05E06107-F0F5-48A9-8D9A-476BE9BC9B8D}</UniqueIdentifier>
    </Filter>
    <Filter Include="x64">
      <UniqueIdentifier>{0B730539-4C17-4B4D-8ABB-8E33E723340F}</UniqueIdentifier>
    </Filter>
  </ItemGroup>
  <ItemGroup>
    <ClCompile Include="BuildToolMain.cpp" />
    <ClCompile Include="CodeReflection\CollectClassInfoFun\CollectClassInfo.cpp">
      <Filter>CodeReflection\CollectClassInfoFun</Filter>
    </ClCompile>
    <ClCompile Include="CodeReflection\IntermediateFile\SpawnIntermediateFile.cpp">
      <Filter>CodeReflection\IntermediateFile</Filter>
    </ClCompile>
    <ClCompile Include="CodeReflection\CppSourceCodeType.cpp">
      <Filter>CodeReflection</Filter>
    </ClCompile>
  </ItemGroup>
  <ItemGroup>
    <ClInclude Include="CodeReflection\CollectClassInfoFun\CollectClassInfo.h">
      <Filter>CodeReflection\CollectClassInfoFun</Filter>
    </ClInclude>
    <ClInclude Include="CodeReflection\CppSourceCodeType.h">
      <Filter>CodeReflection</Filter>
    </ClInclude>
    <ClInclude Include="CodeReflection\IntermediateFile\SpawnIntermediateFile.h">
      <Filter>CodeReflection\IntermediateFile</Filter>
    </ClInclude>
    <ClInclude Include="DX12EngineBuildingTool.h" />
  </ItemGroup>
</Project>