<?xml version="1.0" encoding="utf-8" ?>
<Project ToolsVersion="4.0" xmlns="http://schemas.microsoft.com/developer/msbuild/2003">
    <ItemGroup>
        <Filter Include="CodeReflection">
            <UniqueIdentifier>{B07A5E81-03B7-4859-8D0A-02D3FD7F8265}</UniqueIdentifier>
        </Filter>
        <Filter Include="CodeReflection\CollectClassInfoFun">
            <UniqueIdentifier>{4BD30113-2E07-49F9-8A8C-213D2C5EB64C}</UniqueIdentifier>
        </Filter>
        <Filter Include="CodeReflection\IntermediateFile">
            <UniqueIdentifier>{05E06107-F0F5-48A9-8D9A-476BE9BC9B8D}</UniqueIdentifier>
        </Filter>
        <Filter Include="simple_library">
            <UniqueIdentifier>{1CDD42D8-C067-40A5-86C8-AC6317917BCB}</UniqueIdentifier>
        </Filter>
        <Filter Include="simple_library\private">
            <UniqueIdentifier>{C591D391-12C3-4C72-8743-ADE4CC74D500}</UniqueIdentifier>
        </Filter>
        <Filter Include="simple_library\private\simple_channel">
            <UniqueIdentifier>{8B8D6921-87DD-4D6E-BB0E-41D993960D91}</UniqueIdentifier>
        </Filter>
        <Filter Include="simple_library\private\simple_channel\simple_io_stream">
            <UniqueIdentifier>{53FE4FE8-51F4-46A9-8A84-2500CA0B4C15}</UniqueIdentifier>
        </Filter>
        <Filter Include="simple_library\private\simple_channel\simple_net_channel">
            <UniqueIdentifier>{42C2D924-AC80-4855-AB44-0F2D9F2574BE}</UniqueIdentifier>
        </Filter>
        <Filter Include="simple_library\private\simple_channel\simple_net_connetion">
            <UniqueIdentifier>{41A0B53F-B19B-41E1-BBFB-946E9CA8D3E4}</UniqueIdentifier>
        </Filter>
        <Filter Include="simple_library\private\simple_channel\simple_net_drive">
            <UniqueIdentifier>{49872B92-7265-42D3-87A0-8AE60FAC8316}</UniqueIdentifier>
        </Filter>
        <Filter Include="simple_library\private\simple_core_minimal">
            <UniqueIdentifier>{08A19877-D841-4581-B5AE-EEB538439691}</UniqueIdentifier>
        </Filter>
        <Filter Include="simple_library\private\simple_core_minimal\simple_c_core">
            <UniqueIdentifier>{291C72C0-B19E-4CDB-971E-39C1851C6847}</UniqueIdentifier>
        </Filter>
        <Filter Include="simple_library\private\simple_core_minimal\simple_c_core\simple_c_array">
            <UniqueIdentifier>{7BF630CD-9D74-47B1-AF5F-1C5FF6263A34}</UniqueIdentifier>
        </Filter>
        <Filter Include="simple_library\private\simple_core_minimal\simple_c_core\simple_c_string_algorithm">
            <UniqueIdentifier>{7304252E-F637-426A-B7B1-F13523DDBF9A}</UniqueIdentifier>
        </Filter>
        <Filter Include="simple_library\private\simple_core_minimal\simple_c_guid">
            <UniqueIdentifier>{79002EAC-DAC5-4862-92D6-DB16774CDAFC}</UniqueIdentifier>
        </Filter>
        <Filter Include="simple_library\private\simple_core_minimal\simple_c_helper_file">
            <UniqueIdentifier>{19DADBDF-7091-46C0-9626-2F1CA13FA6A4}</UniqueIdentifier>
        </Filter>
        <Filter Include="simple_library\private\simple_core_minimal\simple_c_path">
            <UniqueIdentifier>{DD381646-50C3-4AEB-A350-D9CC14947D9D}</UniqueIdentifier>
        </Filter>
        <Filter Include="simple_library\private\simple_core_minimal\simple_c_time">
            <UniqueIdentifier>{2E29DABF-ACCA-4D20-B99C-B6050A2743A2}</UniqueIdentifier>
        </Filter>
        <Filter Include="simple_library\private\simple_core_minimal\simple_c_windows">
            <UniqueIdentifier>{549C3F73-F665-436C-891E-367728F45451}</UniqueIdentifier>
        </Filter>
        <Filter Include="simple_library\private\simple_cpp_core_minimal">
            <UniqueIdentifier>{A44605FA-B473-4461-BDF1-62D0B4616376}</UniqueIdentifier>
        </Filter>
        <Filter Include="simple_library\private\simple_cpp_core_minimal\simple_cpp_helper_file">
            <UniqueIdentifier>{F41E963B-30D2-4E27-A5A7-B227E5C984C7}</UniqueIdentifier>
        </Filter>
        <Filter Include="simple_library\private\simple_cpp_core_minimal\simple_cpp_string_algorithm">
            <UniqueIdentifier>{A9FDF5BE-097A-4668-AB87-BA18FA3D1773}</UniqueIdentifier>
        </Filter>
        <Filter Include="simple_library\private\simple_c_log">
            <UniqueIdentifier>{6A1D7760-B608-4BD0-95F8-444D5414360E}</UniqueIdentifier>
        </Filter>
        <Filter Include="simple_library\private\simple_image">
            <UniqueIdentifier>{A470464E-41FA-4DAE-8B36-19A70A178540}</UniqueIdentifier>
        </Filter>
        <Filter Include="simple_library\private\simple_image\Core">
            <UniqueIdentifier>{FED1077E-66CC-4702-9A3E-B2A28DBED7DF}</UniqueIdentifier>
        </Filter>
        <Filter Include="simple_library\private\simple_math">
            <UniqueIdentifier>{01B09536-F0DF-4782-BD3A-FB1466F631C4}</UniqueIdentifier>
        </Filter>
        <Filter Include="simple_library\private\simple_math\soft_rasterization">
            <UniqueIdentifier>{3430FF25-EFA2-451C-9864-5FD01C97D013}</UniqueIdentifier>
        </Filter>
        <Filter Include="simple_library\private\simple_math\transformation">
            <UniqueIdentifier>{640D685F-003C-4D4F-9515-429ACFCE2EF5}</UniqueIdentifier>
        </Filter>
        <Filter Include="simple_library\private\simple_math\transformation\matrix">
            <UniqueIdentifier>{E5772F27-598E-41B1-8951-67863B11CD06}</UniqueIdentifier>
        </Filter>
        <Filter Include="simple_library\private\simple_math\transformation\primitives">
            <UniqueIdentifier>{7E8FA52D-3C6B-4249-AEC6-4161691D1BC4}</UniqueIdentifier>
        </Filter>
        <Filter Include="simple_library\private\simple_math\transformation\quaternion">
            <UniqueIdentifier>{2B85BD5C-4C18-45AA-A0D6-0AA2F1490EE8}</UniqueIdentifier>
        </Filter>
        <Filter Include="simple_library\private\simple_math\transformation\rotator">
            <UniqueIdentifier>{F775E6EA-D359-461C-BE6E-068FACB9C73D}</UniqueIdentifier>
        </Filter>
        <Filter Include="simple_library\private\simple_math\transformation\vector">
            <UniqueIdentifier>{8BB1D339-4066-4E46-8DE4-7845F672CEC5}</UniqueIdentifier>
        </Filter>
        <Filter Include="simple_library\public">
            <UniqueIdentifier>{7935C7BF-E4D1-4A10-9032-592756235444}</UniqueIdentifier>
        </Filter>
        <Filter Include="simple_library\public\simple_array">
            <UniqueIdentifier>{978FB4EA-131A-41EE-A006-D9686EB721AC}</UniqueIdentifier>
        </Filter>
        <Filter Include="simple_library\public\simple_channel">
            <UniqueIdentifier>{12365279-0284-4B15-AF23-3C846D8A4B19}</UniqueIdentifier>
        </Filter>
        <Filter Include="simple_library\public\simple_channel\simple_core">
            <UniqueIdentifier>{F958FFF0-9C81-4942-8293-0CFADCB6B579}</UniqueIdentifier>
        </Filter>
        <Filter Include="simple_library\public\simple_core_minimal">
            <UniqueIdentifier>{B277A29F-3D18-4D53-8091-776FDD8400A8}</UniqueIdentifier>
        </Filter>
        <Filter Include="simple_library\public\simple_core_minimal\simple_c_core">
            <UniqueIdentifier>{25CCFF5E-D15D-4EC9-8748-D22312031FB4}</UniqueIdentifier>
        </Filter>
        <Filter Include="simple_library\public\simple_core_minimal\simple_c_core\simple_c_array">
            <UniqueIdentifier>{59EA0B1A-E481-4249-A66D-00AFC8AAB4F1}</UniqueIdentifier>
        </Filter>
        <Filter Include="simple_library\public\simple_core_minimal\simple_c_core\simple_c_array\Core">
            <UniqueIdentifier>{C0E91DEE-C71C-4AE1-9031-6BAF426225C7}</UniqueIdentifier>
        </Filter>
        <Filter Include="simple_library\public\simple_core_minimal\simple_c_core\simple_c_string_algorithm">
            <UniqueIdentifier>{89EF77B9-7551-4B26-9FA9-1B3EE985B8DE}</UniqueIdentifier>
        </Filter>
        <Filter Include="simple_library\public\simple_core_minimal\simple_c_guid">
            <UniqueIdentifier>{8B7D0400-8E6A-4743-AA93-7587F3D199D5}</UniqueIdentifier>
        </Filter>
        <Filter Include="simple_library\public\simple_core_minimal\simple_c_helper_file">
            <UniqueIdentifier>{443888B8-728F-406A-A520-48F240610536}</UniqueIdentifier>
        </Filter>
        <Filter Include="simple_library\public\simple_core_minimal\simple_c_path">
            <UniqueIdentifier>{9D9166E4-3FE3-4AAA-8199-8B424D6A69D1}</UniqueIdentifier>
        </Filter>
        <Filter Include="simple_library\public\simple_core_minimal\simple_c_time">
            <UniqueIdentifier>{B32AB95A-D5CE-4075-AEAB-A2C2E590D2B5}</UniqueIdentifier>
        </Filter>
        <Filter Include="simple_library\public\simple_core_minimal\simple_c_windows">
            <UniqueIdentifier>{09941F8B-6E73-4FA3-8F17-E3518CDC16F2}</UniqueIdentifier>
        </Filter>
        <Filter Include="simple_library\public\simple_cpp_core_minimal">
            <UniqueIdentifier>{BCEA5935-64E2-43EC-9F36-12A395EB9FAA}</UniqueIdentifier>
        </Filter>
        <Filter Include="simple_library\public\simple_cpp_core_minimal\shared">
            <UniqueIdentifier>{248F5FFC-49BF-4DC9-8430-54209179C52A}</UniqueIdentifier>
        </Filter>
        <Filter Include="simple_library\public\simple_cpp_core_minimal\simple_cpp_helper_file">
            <UniqueIdentifier>{64D594E3-91CD-47D7-942F-99EC58EBD3BC}</UniqueIdentifier>
        </Filter>
        <Filter Include="simple_library\public\simple_cpp_core_minimal\simple_cpp_string_algorithm">
            <UniqueIdentifier>{960CE2FF-FACC-4A78-9E00-1E7ED2610720}</UniqueIdentifier>
        </Filter>
        <Filter Include="simple_library\public\simple_c_log">
            <UniqueIdentifier>{1E1C880F-AF13-4431-8196-DAC8E65A21F4}</UniqueIdentifier>
        </Filter>
        <Filter Include="simple_library\public\simple_delegate">
            <UniqueIdentifier>{0D8D9F19-483A-44D2-A579-F50F41D32058}</UniqueIdentifier>
        </Filter>
        <Filter Include="simple_library\public\simple_http">
            <UniqueIdentifier>{42F7997D-EF9E-4EFB-A92F-1CBA4F91AC15}</UniqueIdentifier>
        </Filter>
        <Filter Include="simple_library\public\simple_image">
            <UniqueIdentifier>{B39A05E1-5813-4216-83DE-76D1410E200F}</UniqueIdentifier>
        </Filter>
        <Filter Include="simple_library\public\simple_image\Core">
            <UniqueIdentifier>{447DCCA3-B842-4DD5-8B71-61BAAE077E99}</UniqueIdentifier>
        </Filter>
        <Filter Include="simple_library\public\simple_math">
            <UniqueIdentifier>{B3B1A403-FB5B-4594-A9A5-B2B8619361BF}</UniqueIdentifier>
        </Filter>
        <Filter Include="simple_library\public\simple_math\soft_rasterization">
            <UniqueIdentifier>{21BB488D-9037-4979-A941-593D069A098F}</UniqueIdentifier>
        </Filter>
        <Filter Include="simple_library\public\simple_math\transformation">
            <UniqueIdentifier>{22223732-A070-4095-8314-679CBA863A52}</UniqueIdentifier>
        </Filter>
        <Filter Include="simple_library\public\simple_math\transformation\matrix">
            <UniqueIdentifier>{02FA7FC0-BED5-443A-A5D1-76534195715F}</UniqueIdentifier>
        </Filter>
        <Filter Include="simple_library\public\simple_math\transformation\primitives">
            <UniqueIdentifier>{14761627-A2B9-4976-99F5-1061F3562A79}</UniqueIdentifier>
        </Filter>
        <Filter Include="simple_library\public\simple_math\transformation\quaternion">
            <UniqueIdentifier>{ACA6CBCA-8871-4C7C-8713-FCE581503D1F}</UniqueIdentifier>
        </Filter>
        <Filter Include="simple_library\public\simple_math\transformation\rotator">
            <UniqueIdentifier>{686DEC70-1606-450A-B380-23D5E530841B}</UniqueIdentifier>
        </Filter>
        <Filter Include="simple_library\public\simple_math\transformation\vector">
            <UniqueIdentifier>{88FE02B8-33A7-4ECD-BB77-952416719029}</UniqueIdentifier>
        </Filter>
        <Filter Include="simple_library\public\simple_mysql">
            <UniqueIdentifier>{4B921041-18B8-49AF-959F-F4165A2763EC}</UniqueIdentifier>
        </Filter>
        <Filter Include="simple_library\public\simple_xml">
            <UniqueIdentifier>{A763DBB7-5C9E-4754-8288-B02942BED2E5}</UniqueIdentifier>
        </Filter>
        <Filter Include="simple_library\public\simple_xml\public">
            <UniqueIdentifier>{6B3D8B00-89E9-458B-B5DD-C988E5D00F70}</UniqueIdentifier>
        </Filter>
        <Filter Include="simple_library\third_party_library">
            <UniqueIdentifier>{37381FEF-570C-4629-B670-3A37B4E4EF59}</UniqueIdentifier>
        </Filter>
        <Filter Include="simple_library\third_party_library\tinyxml">
            <UniqueIdentifier>{4B2E1CFF-D44D-4BBB-86FB-EDFFA15AD526}</UniqueIdentifier>
        </Filter>
        <Filter Include="x64">
            <UniqueIdentifier>{0B730539-4C17-4B4D-8ABB-8E33E723340F}</UniqueIdentifier>
        </Filter>
    </ItemGroup>
    <ItemGroup>
        <ClCompile Include="BuildToolMain.cpp" />
        <ClCompile Include="CodeReflection\CollectClassInfoFun\CollectClassInfo.cpp">
            <Filter>CodeReflection\CollectClassInfoFun</Filter>
        </ClCompile>
        <ClCompile Include="CodeReflection\IntermediateFile\SpawnIntermediateFile.cpp">
            <Filter>CodeReflection\IntermediateFile</Filter>
        </ClCompile>
        <ClCompile Include="simple_library\private\simple_channel\simple_io_stream\simple_io_stream.cpp">
            <Filter>simple_library\private\simple_channel\simple_io_stream</Filter>
        </ClCompile>
        <ClCompile Include="simple_library\private\simple_channel\simple_net_channel\simple_channel.cpp">
            <Filter>simple_library\private\simple_channel\simple_net_channel</Filter>
        </ClCompile>
        <ClCompile Include="simple_library\private\simple_channel\simple_net_connetion\simple_connetion.cpp">
            <Filter>simple_library\private\simple_channel\simple_net_connetion</Filter>
        </ClCompile>
        <ClCompile Include="simple_library\private\simple_channel\simple_net_connetion\simple_connetion_tcp.cpp">
            <Filter>simple_library\private\simple_channel\simple_net_connetion</Filter>
        </ClCompile>
        <ClCompile Include="simple_library\private\simple_channel\simple_net_connetion\simple_connetion_udp.cpp">
            <Filter>simple_library\private\simple_channel\simple_net_connetion</Filter>
        </ClCompile>
        <ClCompile Include="simple_library\private\simple_channel\simple_net_drive\simple_net_drive.cpp">
            <Filter>simple_library\private\simple_channel\simple_net_drive</Filter>
        </ClCompile>
        <ClCompile Include="simple_library\private\simple_channel\simple_net_drive\simple_net_drive_tcp.cpp">
            <Filter>simple_library\private\simple_channel\simple_net_drive</Filter>
        </ClCompile>
        <ClCompile Include="simple_library\private\simple_channel\simple_net_drive\simple_net_drive_udp.cpp">
            <Filter>simple_library\private\simple_channel\simple_net_drive</Filter>
        </ClCompile>
        <ClCompile Include="simple_library\private\simple_channel\simple_net_type.cpp">
            <Filter>simple_library\private\simple_channel</Filter>
        </ClCompile>
        <ClCompile Include="simple_library\private\simple_channel\simple_object.cpp">
            <Filter>simple_library\private\simple_channel</Filter>
        </ClCompile>
        <ClCompile Include="simple_library\private\simple_core_minimal\simple_c_core\simple_c_array\simple_c_array_string.c">
            <Filter>simple_library\private\simple_core_minimal\simple_c_core\simple_c_array</Filter>
        </ClCompile>
        <ClCompile Include="simple_library\private\simple_core_minimal\simple_c_core\simple_c_string_algorithm\string_algorithm.c">
            <Filter>simple_library\private\simple_core_minimal\simple_c_core\simple_c_string_algorithm</Filter>
        </ClCompile>
        <ClCompile Include="simple_library\private\simple_core_minimal\simple_c_guid\simple_guid.c">
            <Filter>simple_library\private\simple_core_minimal\simple_c_guid</Filter>
        </ClCompile>
        <ClCompile Include="simple_library\private\simple_core_minimal\simple_c_helper_file\simple_file_helper.c">
            <Filter>simple_library\private\simple_core_minimal\simple_c_helper_file</Filter>
        </ClCompile>
        <ClCompile Include="simple_library\private\simple_core_minimal\simple_c_path\simple_c_path.c">
            <Filter>simple_library\private\simple_core_minimal\simple_c_path</Filter>
        </ClCompile>
        <ClCompile Include="simple_library\private\simple_core_minimal\simple_c_time\simple_c_locale_list.c">
            <Filter>simple_library\private\simple_core_minimal\simple_c_time</Filter>
        </ClCompile>
        <ClCompile Include="simple_library\private\simple_core_minimal\simple_c_time\simple_c_time.c">
            <Filter>simple_library\private\simple_core_minimal\simple_c_time</Filter>
        </ClCompile>
        <ClCompile Include="simple_library\private\simple_core_minimal\simple_c_windows\simple_c_windows_register.c">
            <Filter>simple_library\private\simple_core_minimal\simple_c_windows</Filter>
        </ClCompile>
        <ClCompile Include="simple_library\private\simple_core_minimal\simple_c_windows\simple_c_windows_setting.c">
            <Filter>simple_library\private\simple_core_minimal\simple_c_windows</Filter>
        </ClCompile>
        <ClCompile Include="simple_library\private\simple_cpp_core_minimal\simple_cpp_helper_file\simple_cpp_helper_file.cpp">
            <Filter>simple_library\private\simple_cpp_core_minimal\simple_cpp_helper_file</Filter>
        </ClCompile>
        <ClCompile Include="simple_library\private\simple_cpp_core_minimal\simple_cpp_string_algorithm\simple_cpp_string_algorithm.cpp">
            <Filter>simple_library\private\simple_cpp_core_minimal\simple_cpp_string_algorithm</Filter>
        </ClCompile>
        <ClCompile Include="simple_library\private\simple_c_log\simple_c_log.c">
            <Filter>simple_library\private\simple_c_log</Filter>
        </ClCompile>
        <ClCompile Include="simple_library\private\simple_image\Core\simple_image_bmp.cpp">
            <Filter>simple_library\private\simple_image\Core</Filter>
        </ClCompile>
        <ClCompile Include="simple_library\private\simple_image\simple_image.cpp">
            <Filter>simple_library\private\simple_image</Filter>
        </ClCompile>
        <ClCompile Include="simple_library\private\simple_math\math_utils.cpp">
            <Filter>simple_library\private\simple_math</Filter>
        </ClCompile>
        <ClCompile Include="simple_library\private\simple_math\simple_math.c">
            <Filter>simple_library\private\simple_math</Filter>
        </ClCompile>
        <ClCompile Include="simple_library\private\simple_math\soft_rasterization\soft_rasterization.cpp">
            <Filter>simple_library\private\simple_math\soft_rasterization</Filter>
        </ClCompile>
        <ClCompile Include="simple_library\private\simple_math\transformation\matrix\matrix_2x2.cpp">
            <Filter>simple_library\private\simple_math\transformation\matrix</Filter>
        </ClCompile>
        <ClCompile Include="simple_library\private\simple_math\transformation\matrix\matrix_3x3.cpp">
            <Filter>simple_library\private\simple_math\transformation\matrix</Filter>
        </ClCompile>
        <ClCompile Include="simple_library\private\simple_math\transformation\matrix\matrix_4x4.cpp">
            <Filter>simple_library\private\simple_math\transformation\matrix</Filter>
        </ClCompile>
        <ClCompile Include="simple_library\private\simple_math\transformation\primitives\line.cpp">
            <Filter>simple_library\private\simple_math\transformation\primitives</Filter>
        </ClCompile>
        <ClCompile Include="simple_library\private\simple_math\transformation\primitives\triangle.cpp">
            <Filter>simple_library\private\simple_math\transformation\primitives</Filter>
        </ClCompile>
        <ClCompile Include="simple_library\private\simple_math\transformation\quaternion\quat.cpp">
            <Filter>simple_library\private\simple_math\transformation\quaternion</Filter>
        </ClCompile>
        <ClCompile Include="simple_library\private\simple_math\transformation\rotator\rotator.cpp">
            <Filter>simple_library\private\simple_math\transformation\rotator</Filter>
        </ClCompile>
        <ClCompile Include="simple_library\private\simple_math\transformation\vector\vector_2d.cpp">
            <Filter>simple_library\private\simple_math\transformation\vector</Filter>
        </ClCompile>
        <ClCompile Include="simple_library\private\simple_math\transformation\vector\vector_2id.cpp">
            <Filter>simple_library\private\simple_math\transformation\vector</Filter>
        </ClCompile>
        <ClCompile Include="simple_library\private\simple_math\transformation\vector\vector_3d.cpp">
            <Filter>simple_library\private\simple_math\transformation\vector</Filter>
        </ClCompile>
        <ClCompile Include="simple_library\private\simple_math\transformation\vector\vector_3id.cpp">
            <Filter>simple_library\private\simple_math\transformation\vector</Filter>
        </ClCompile>
        <ClCompile Include="simple_library\private\simple_math\transformation\vector\vector_4d.cpp">
            <Filter>simple_library\private\simple_math\transformation\vector</Filter>
        </ClCompile>
        <ClCompile Include="simple_library\private\simple_math\transformation\vector\vector_4id.cpp">
            <Filter>simple_library\private\simple_math\transformation\vector</Filter>
        </ClCompile>
        <ClCompile Include="simple_library\private\simple_math\transformation\vector\vector_color.cpp">
            <Filter>simple_library\private\simple_math\transformation\vector</Filter>
        </ClCompile>
        <ClCompile Include="simple_library\third_party_library\tinyxml\tinystr.cpp">
            <Filter>simple_library\third_party_library\tinyxml</Filter>
        </ClCompile>
        <ClCompile Include="simple_library\third_party_library\tinyxml\tinyxml.cpp">
            <Filter>simple_library\third_party_library\tinyxml</Filter>
        </ClCompile>
        <ClCompile Include="simple_library\third_party_library\tinyxml\tinyxmlerror.cpp">
            <Filter>simple_library\third_party_library\tinyxml</Filter>
        </ClCompile>
        <ClCompile Include="simple_library\third_party_library\tinyxml\tinyxmlparser.cpp">
            <Filter>simple_library\third_party_library\tinyxml</Filter>
        </ClCompile>
    </ItemGroup>
    <ItemGroup>
        <ClInclude Include="CodeReflection\CollectClassInfoFun\CollectClassInfo.h">
            <Filter>CodeReflection\CollectClassInfoFun</Filter>
        </ClInclude>
        <ClInclude Include="CodeReflection\CppSourceCodeType.h">
            <Filter>CodeReflection</Filter>
        </ClInclude>
        <ClInclude Include="CodeReflection\IntermediateFile\SpawnIntermediateFile.h">
            <Filter>CodeReflection\IntermediateFile</Filter>
        </ClInclude>
        <ClInclude Include="simple_library\private\simple_channel\simple_net_connetion\simple_connetion_tcp.h">
            <Filter>simple_library\private\simple_channel\simple_net_connetion</Filter>
        </ClInclude>
        <ClInclude Include="simple_library\private\simple_channel\simple_net_connetion\simple_connetion_udp.h">
            <Filter>simple_library\private\simple_channel\simple_net_connetion</Filter>
        </ClInclude>
        <ClInclude Include="simple_library\private\simple_channel\simple_net_drive\simple_net_drive_tcp.h">
            <Filter>simple_library\private\simple_channel\simple_net_drive</Filter>
        </ClInclude>
        <ClInclude Include="simple_library\private\simple_channel\simple_net_drive\simple_net_drive_udp.h">
            <Filter>simple_library\private\simple_channel\simple_net_drive</Filter>
        </ClInclude>
        <ClInclude Include="simple_library\public\simple_array\simple_hash_array.h">
            <Filter>simple_library\public\simple_array</Filter>
        </ClInclude>
        <ClInclude Include="simple_library\public\simple_channel\simple_core\simple_channel.h">
            <Filter>simple_library\public\simple_channel\simple_core</Filter>
        </ClInclude>
        <ClInclude Include="simple_library\public\simple_channel\simple_core\simple_connetion.h">
            <Filter>simple_library\public\simple_channel\simple_core</Filter>
        </ClInclude>
        <ClInclude Include="simple_library\public\simple_channel\simple_core\simple_io_stream.h">
            <Filter>simple_library\public\simple_channel\simple_core</Filter>
        </ClInclude>
        <ClInclude Include="simple_library\public\simple_channel\simple_core\simple_net_macro.h">
            <Filter>simple_library\public\simple_channel\simple_core</Filter>
        </ClInclude>
        <ClInclude Include="simple_library\public\simple_channel\simple_core\simple_object.h">
            <Filter>simple_library\public\simple_channel\simple_core</Filter>
        </ClInclude>
        <ClInclude Include="simple_library\public\simple_channel\simple_net_drive.h">
            <Filter>simple_library\public\simple_channel</Filter>
        </ClInclude>
        <ClInclude Include="simple_library\public\simple_channel\simple_net_protocols.h">
            <Filter>simple_library\public\simple_channel</Filter>
        </ClInclude>
        <ClInclude Include="simple_library\public\simple_channel\simple_net_type.h">
            <Filter>simple_library\public\simple_channel</Filter>
        </ClInclude>
        <ClInclude Include="simple_library\public\simple_channel\simple_protocols_definition.h">
            <Filter>simple_library\public\simple_channel</Filter>
        </ClInclude>
        <ClInclude Include="simple_library\public\simple_core_minimal\simple_c_core\simple_core_minimal.h">
            <Filter>simple_library\public\simple_core_minimal\simple_c_core</Filter>
        </ClInclude>
        <ClInclude Include="simple_library\public\simple_core_minimal\simple_c_core\simple_c_array\Core\simple_array_c_macro.h">
            <Filter>simple_library\public\simple_core_minimal\simple_c_core\simple_c_array\Core</Filter>
        </ClInclude>
        <ClInclude Include="simple_library\public\simple_core_minimal\simple_c_core\simple_c_array\simple_c_array.h">
            <Filter>simple_library\public\simple_core_minimal\simple_c_core\simple_c_array</Filter>
        </ClInclude>
        <ClInclude Include="simple_library\public\simple_core_minimal\simple_c_core\simple_c_array\simple_c_array_string.h">
            <Filter>simple_library\public\simple_core_minimal\simple_c_core\simple_c_array</Filter>
        </ClInclude>
        <ClInclude Include="simple_library\public\simple_core_minimal\simple_c_core\simple_c_string_algorithm\string_algorithm.h">
            <Filter>simple_library\public\simple_core_minimal\simple_c_core\simple_c_string_algorithm</Filter>
        </ClInclude>
        <ClInclude Include="simple_library\public\simple_core_minimal\simple_c_guid\simple_guid.h">
            <Filter>simple_library\public\simple_core_minimal\simple_c_guid</Filter>
        </ClInclude>
        <ClInclude Include="simple_library\public\simple_core_minimal\simple_c_helper_file\simple_file_helper.h">
            <Filter>simple_library\public\simple_core_minimal\simple_c_helper_file</Filter>
        </ClInclude>
        <ClInclude Include="simple_library\public\simple_core_minimal\simple_c_path\simple_path.h">
            <Filter>simple_library\public\simple_core_minimal\simple_c_path</Filter>
        </ClInclude>
        <ClInclude Include="simple_library\public\simple_core_minimal\simple_c_time\simple_c_locale_list.h">
            <Filter>simple_library\public\simple_core_minimal\simple_c_time</Filter>
        </ClInclude>
        <ClInclude Include="simple_library\public\simple_core_minimal\simple_c_time\simple_c_time.h">
            <Filter>simple_library\public\simple_core_minimal\simple_c_time</Filter>
        </ClInclude>
        <ClInclude Include="simple_library\public\simple_core_minimal\simple_c_windows\simple_c_windows_register.h">
            <Filter>simple_library\public\simple_core_minimal\simple_c_windows</Filter>
        </ClInclude>
        <ClInclude Include="simple_library\public\simple_core_minimal\simple_c_windows\simple_c_windows_setting.h">
            <Filter>simple_library\public\simple_core_minimal\simple_c_windows</Filter>
        </ClInclude>
        <ClInclude Include="simple_library\public\simple_cpp_core_minimal\shared\simple_cpp_shared_ptr.h">
            <Filter>simple_library\public\simple_cpp_core_minimal\shared</Filter>
        </ClInclude>
        <ClInclude Include="simple_library\public\simple_cpp_core_minimal\shared\simple_cpp_shared_ptr_type.h">
            <Filter>simple_library\public\simple_cpp_core_minimal\shared</Filter>
        </ClInclude>
        <ClInclude Include="simple_library\public\simple_cpp_core_minimal\simple_cpp_core_minimal.h">
            <Filter>simple_library\public\simple_cpp_core_minimal</Filter>
        </ClInclude>
        <ClInclude Include="simple_library\public\simple_cpp_core_minimal\simple_cpp_helper_file\simple_cpp_helper_file.h">
            <Filter>simple_library\public\simple_cpp_core_minimal\simple_cpp_helper_file</Filter>
        </ClInclude>
        <ClInclude Include="simple_library\public\simple_cpp_core_minimal\simple_cpp_string_algorithm\simple_cpp_string_algorithm.h">
            <Filter>simple_library\public\simple_cpp_core_minimal\simple_cpp_string_algorithm</Filter>
        </ClInclude>
        <ClInclude Include="simple_library\public\simple_c_log\simple_c_log.h">
            <Filter>simple_library\public\simple_c_log</Filter>
        </ClInclude>
        <ClInclude Include="simple_library\public\simple_delegate\simple_delegate.h">
            <Filter>simple_library\public\simple_delegate</Filter>
        </ClInclude>
        <ClInclude Include="simple_library\public\simple_image\Core\simple_image_bmp.h">
            <Filter>simple_library\public\simple_image\Core</Filter>
        </ClInclude>
        <ClInclude Include="simple_library\public\simple_image\Core\simple_image_type.h">
            <Filter>simple_library\public\simple_image\Core</Filter>
        </ClInclude>
        <ClInclude Include="simple_library\public\simple_image\simple_image.h">
            <Filter>simple_library\public\simple_image</Filter>
        </ClInclude>
        <ClInclude Include="simple_library\public\simple_library.h">
            <Filter>simple_library\public</Filter>
        </ClInclude>
        <ClInclude Include="simple_library\public\simple_library_macro.h">
            <Filter>simple_library\public</Filter>
        </ClInclude>
        <ClInclude Include="simple_library\public\simple_math\math_libray.hpp">
            <Filter>simple_library\public\simple_math</Filter>
        </ClInclude>
        <ClInclude Include="simple_library\public\simple_math\math_utils.h">
            <Filter>simple_library\public\simple_math</Filter>
        </ClInclude>
        <ClInclude Include="simple_library\public\simple_math\simple_core_math.h">
            <Filter>simple_library\public\simple_math</Filter>
        </ClInclude>
        <ClInclude Include="simple_library\public\simple_math\simple_math.h">
            <Filter>simple_library\public\simple_math</Filter>
        </ClInclude>
        <ClInclude Include="simple_library\public\simple_math\soft_rasterization\soft_rasterization.h">
            <Filter>simple_library\public\simple_math\soft_rasterization</Filter>
        </ClInclude>
        <ClInclude Include="simple_library\public\simple_math\transformation\matrix\matrix_2x2.h">
            <Filter>simple_library\public\simple_math\transformation\matrix</Filter>
        </ClInclude>
        <ClInclude Include="simple_library\public\simple_math\transformation\matrix\matrix_3x3.h">
            <Filter>simple_library\public\simple_math\transformation\matrix</Filter>
        </ClInclude>
        <ClInclude Include="simple_library\public\simple_math\transformation\matrix\matrix_4x4.h">
            <Filter>simple_library\public\simple_math\transformation\matrix</Filter>
        </ClInclude>
        <ClInclude Include="simple_library\public\simple_math\transformation\primitives\line.h">
            <Filter>simple_library\public\simple_math\transformation\primitives</Filter>
        </ClInclude>
        <ClInclude Include="simple_library\public\simple_math\transformation\primitives\triangle.h">
            <Filter>simple_library\public\simple_math\transformation\primitives</Filter>
        </ClInclude>
        <ClInclude Include="simple_library\public\simple_math\transformation\quaternion\quat.h">
            <Filter>simple_library\public\simple_math\transformation\quaternion</Filter>
        </ClInclude>
        <ClInclude Include="simple_library\public\simple_math\transformation\rotator\rotator.h">
            <Filter>simple_library\public\simple_math\transformation\rotator</Filter>
        </ClInclude>
        <ClInclude Include="simple_library\public\simple_math\transformation\vector\vector_2d.h">
            <Filter>simple_library\public\simple_math\transformation\vector</Filter>
        </ClInclude>
        <ClInclude Include="simple_library\public\simple_math\transformation\vector\vector_2id.h">
            <Filter>simple_library\public\simple_math\transformation\vector</Filter>
        </ClInclude>
        <ClInclude Include="simple_library\public\simple_math\transformation\vector\vector_3d.h">
            <Filter>simple_library\public\simple_math\transformation\vector</Filter>
        </ClInclude>
        <ClInclude Include="simple_library\public\simple_math\transformation\vector\vector_3id.h">
            <Filter>simple_library\public\simple_math\transformation\vector</Filter>
        </ClInclude>
        <ClInclude Include="simple_library\public\simple_math\transformation\vector\vector_4d.h">
            <Filter>simple_library\public\simple_math\transformation\vector</Filter>
        </ClInclude>
        <ClInclude Include="simple_library\public\simple_math\transformation\vector\vector_4id.h">
            <Filter>simple_library\public\simple_math\transformation\vector</Filter>
        </ClInclude>
        <ClInclude Include="simple_library\public\simple_math\transformation\vector\vector_color.h">
            <Filter>simple_library\public\simple_math\transformation\vector</Filter>
        </ClInclude>
        <ClInclude Include="simple_library\third_party_library\tinyxml\tinystr.h">
            <Filter>simple_library\third_party_library\tinyxml</Filter>
        </ClInclude>
        <ClInclude Include="simple_library\third_party_library\tinyxml\tinyxml.h">
            <Filter>simple_library\third_party_library\tinyxml</Filter>
        </ClInclude>
    </ItemGroup>
</Project>
